
Microsoft Visual Studio Solution File, Format Version 12.00
# Visual Studio Version 17
VisualStudioVersion = 17.0.31903.59
MinimumVisualStudioVersion = 10.0.40219.1
Project("{2150E333-8FDC-42A3-9474-1A3956D46DE8}") = "src", "src", "{827E0CD3-B72D-47B6-A68D-7590B98EB39B}"
EndProject
Project("{FAE04EC0-301F-11D3-BF4B-00C04F79EFBC}") = "ZiApp.Api", "src\ZiApp.Api\ZiApp.Api.csproj", "{6C8EAD9E-C582-4B04-B424-AEF6C2620009}"
EndProject
Project("{FAE04EC0-301F-11D3-BF4B-00C04F79EFBC}") = "ZiApp.Application", "src\ZiApp.Application\ZiApp.Application.csproj", "{EFA63FA1-0A0A-4F4E-A866-22BB912D2986}"
EndProject
Project("{FAE04EC0-301F-11D3-BF4B-00C04F79EFBC}") = "ZiApp.Domain", "src\ZiApp.Domain\ZiApp.Domain.csproj", "{694124C8-A0EE-44F5-BA56-5E1BCE58CAC5}"
EndProject
Project("{FAE04EC0-301F-11D3-BF4B-00C04F79EFBC}") = "ZiApp.Infrastructure", "src\ZiApp.Infrastructure\ZiApp.Infrastructure.csproj", "{7D9FCAFC-442B-41BB-936B-D41661965286}"
EndProject
Project("{2150E333-8FDC-42A3-9474-1A3956D46DE8}") = "tests", "tests", "{0AB3BF05-4346-4AA6-1389-037BE0695223}"
EndProject
Project("{FAE04EC0-301F-11D3-BF4B-00C04F79EFBC}") = "ZiApp.UnitTests", "tests\ZiApp.UnitTests\ZiApp.UnitTests.csproj", "{C8A6399B-7776-4270-AB2F-D153934B0538}"
EndProject
Project("{FAE04EC0-301F-11D3-BF4B-00C04F79EFBC}") = "ZiApp.IntegrationTests", "tests\ZiApp.IntegrationTests\ZiApp.IntegrationTests.csproj", "{60FB5DF5-7764-4E8F-90E8-971450AA13B6}"
EndProject
Global
	GlobalSection(SolutionConfigurationPlatforms) = preSolution
		Debug|Any CPU = Debug|Any CPU
		Debug|x64 = Debug|x64
		Debug|x86 = Debug|x86
		Release|Any CPU = Release|Any CPU
		Release|x64 = Release|x64
		Release|x86 = Release|x86
	EndGlobalSection
	GlobalSection(ProjectConfigurationPlatforms) = postSolution
		{6C8EAD9E-C582-4B04-B424-AEF6C2620009}.Debug|Any CPU.ActiveCfg = Debug|Any CPU
		{6C8EAD9E-C582-4B04-B424-AEF6C2620009}.Debug|Any CPU.Build.0 = Debug|Any CPU
		{6C8EAD9E-C582-4B04-B424-AEF6C2620009}.Debug|x64.ActiveCfg = Debug|Any CPU
		{6C8EAD9E-C582-4B04-B424-AEF6C2620009}.Debug|x64.Build.0 = Debug|Any CPU
		{6C8EAD9E-C582-4B04-B424-AEF6C2620009}.Debug|x86.ActiveCfg = Debug|Any CPU
		{6C8EAD9E-C582-4B04-B424-AEF6C2620009}.Debug|x86.Build.0 = Debug|Any CPU
		{6C8EAD9E-C582-4B04-B424-AEF6C2620009}.Release|Any CPU.ActiveCfg = Release|Any CPU
		{6C8EAD9E-C582-4B04-B424-AEF6C2620009}.Release|Any CPU.Build.0 = Release|Any CPU
		{6C8EAD9E-C582-4B04-B424-AEF6C2620009}.Release|x64.ActiveCfg = Release|Any CPU
		{6C8EAD9E-C582-4B04-B424-AEF6C2620009}.Release|x64.Build.0 = Release|Any CPU
		{6C8EAD9E-C582-4B04-B424-AEF6C2620009}.Release|x86.ActiveCfg = Release|Any CPU
		{6C8EAD9E-C582-4B04-B424-AEF6C2620009}.Release|x86.Build.0 = Release|Any CPU
		{EFA63FA1-0A0A-4F4E-A866-22BB912D2986}.Debug|Any CPU.ActiveCfg = Debug|Any CPU
		{EFA63FA1-0A0A-4F4E-A866-22BB912D2986}.Debug|Any CPU.Build.0 = Debug|Any CPU
		{EFA63FA1-0A0A-4F4E-A866-22BB912D2986}.Debug|x64.ActiveCfg = Debug|Any CPU
		{EFA63FA1-0A0A-4F4E-A866-22BB912D2986}.Debug|x64.Build.0 = Debug|Any CPU
		{EFA63FA1-0A0A-4F4E-A866-22BB912D2986}.Debug|x86.ActiveCfg = Debug|Any CPU
		{EFA63FA1-0A0A-4F4E-A866-22BB912D2986}.Debug|x86.Build.0 = Debug|Any CPU
		{EFA63FA1-0A0A-4F4E-A866-22BB912D2986}.Release|Any CPU.ActiveCfg = Release|Any CPU
		{EFA63FA1-0A0A-4F4E-A866-22BB912D2986}.Release|Any CPU.Build.0 = Release|Any CPU
		{EFA63FA1-0A0A-4F4E-A866-22BB912D2986}.Release|x64.ActiveCfg = Release|Any CPU
		{EFA63FA1-0A0A-4F4E-A866-22BB912D2986}.Release|x64.Build.0 = Release|Any CPU
		{EFA63FA1-0A0A-4F4E-A866-22BB912D2986}.Release|x86.ActiveCfg = Release|Any CPU
		{EFA63FA1-0A0A-4F4E-A866-22BB912D2986}.Release|x86.Build.0 = Release|Any CPU
		{694124C8-A0EE-44F5-BA56-5E1BCE58CAC5}.Debug|Any CPU.ActiveCfg = Debug|Any CPU
		{694124C8-A0EE-44F5-BA56-5E1BCE58CAC5}.Debug|Any CPU.Build.0 = Debug|Any CPU
		{694124C8-A0EE-44F5-BA56-5E1BCE58CAC5}.Debug|x64.ActiveCfg = Debug|Any CPU
		{694124C8-A0EE-44F5-BA56-5E1BCE58CAC5}.Debug|x64.Build.0 = Debug|Any CPU
		{694124C8-A0EE-44F5-BA56-5E1BCE58CAC5}.Debug|x86.ActiveCfg = Debug|Any CPU
		{694124C8-A0EE-44F5-BA56-5E1BCE58CAC5}.Debug|x86.Build.0 = Debug|Any CPU
		{694124C8-A0EE-44F5-BA56-5E1BCE58CAC5}.Release|Any CPU.ActiveCfg = Release|Any CPU
		{694124C8-A0EE-44F5-BA56-5E1BCE58CAC5}.Release|Any CPU.Build.0 = Release|Any CPU
		{694124C8-A0EE-44F5-BA56-5E1BCE58CAC5}.Release|x64.ActiveCfg = Release|Any CPU
		{694124C8-A0EE-44F5-BA56-5E1BCE58CAC5}.Release|x64.Build.0 = Release|Any CPU
		{694124C8-A0EE-44F5-BA56-5E1BCE58CAC5}.Release|x86.ActiveCfg = Release|Any CPU
		{694124C8-A0EE-44F5-BA56-5E1BCE58CAC5}.Release|x86.Build.0 = Release|Any CPU
		{7D9FCAFC-442B-41BB-936B-D41661965286}.Debug|Any CPU.ActiveCfg = Debug|Any CPU
		{7D9FCAFC-442B-41BB-936B-D41661965286}.Debug|Any CPU.Build.0 = Debug|Any CPU
		{7D9FCAFC-442B-41BB-936B-D41661965286}.Debug|x64.ActiveCfg = Debug|Any CPU
		{7D9FCAFC-442B-41BB-936B-D41661965286}.Debug|x64.Build.0 = Debug|Any CPU
		{7D9FCAFC-442B-41BB-936B-D41661965286}.Debug|x86.ActiveCfg = Debug|Any CPU
		{7D9FCAFC-442B-41BB-936B-D41661965286}.Debug|x86.Build.0 = Debug|Any CPU
		{7D9FCAFC-442B-41BB-936B-D41661965286}.Release|Any CPU.ActiveCfg = Release|Any CPU
		{7D9FCAFC-442B-41BB-936B-D41661965286}.Release|Any CPU.Build.0 = Release|Any CPU
		{7D9FCAFC-442B-41BB-936B-D41661965286}.Release|x64.ActiveCfg = Release|Any CPU
		{7D9FCAFC-442B-41BB-936B-D41661965286}.Release|x64.Build.0 = Release|Any CPU
		{7D9FCAFC-442B-41BB-936B-D41661965286}.Release|x86.ActiveCfg = Release|Any CPU
		{7D9FCAFC-442B-41BB-936B-D41661965286}.Release|x86.Build.0 = Release|Any CPU
		{C8A6399B-7776-4270-AB2F-D153934B0538}.Debug|Any CPU.ActiveCfg = Debug|Any CPU
		{C8A6399B-7776-4270-AB2F-D153934B0538}.Debug|Any CPU.Build.0 = Debug|Any CPU
		{C8A6399B-7776-4270-AB2F-D153934B0538}.Debug|x64.ActiveCfg = Debug|Any CPU
		{C8A6399B-7776-4270-AB2F-D153934B0538}.Debug|x64.Build.0 = Debug|Any CPU
		{C8A6399B-7776-4270-AB2F-D153934B0538}.Debug|x86.ActiveCfg = Debug|Any CPU
		{C8A6399B-7776-4270-AB2F-D153934B0538}.Debug|x86.Build.0 = Debug|Any CPU
		{C8A6399B-7776-4270-AB2F-D153934B0538}.Release|Any CPU.ActiveCfg = Release|Any CPU
		{C8A6399B-7776-4270-AB2F-D153934B0538}.Release|Any CPU.Build.0 = Release|Any CPU
		{C8A6399B-7776-4270-AB2F-D153934B0538}.Release|x64.ActiveCfg = Release|Any CPU
		{C8A6399B-7776-4270-AB2F-D153934B0538}.Release|x64.Build.0 = Release|Any CPU
		{C8A6399B-7776-4270-AB2F-D153934B0538}.Release|x86.ActiveCfg = Release|Any CPU
		{C8A6399B-7776-4270-AB2F-D153934B0538}.Release|x86.Build.0 = Release|Any CPU
		{60FB5DF5-7764-4E8F-90E8-971450AA13B6}.Debug|Any CPU.ActiveCfg = Debug|Any CPU
		{60FB5DF5-7764-4E8F-90E8-971450AA13B6}.Debug|Any CPU.Build.0 = Debug|Any CPU
		{60FB5DF5-7764-4E8F-90E8-971450AA13B6}.Debug|x64.ActiveCfg = Debug|Any CPU
		{60FB5DF5-7764-4E8F-90E8-971450AA13B6}.Debug|x64.Build.0 = Debug|Any CPU
		{60FB5DF5-7764-4E8F-90E8-971450AA13B6}.Debug|x86.ActiveCfg = Debug|Any CPU
		{60FB5DF5-7764-4E8F-90E8-971450AA13B6}.Debug|x86.Build.0 = Debug|Any CPU
		{60FB5DF5-7764-4E8F-90E8-971450AA13B6}.Release|Any CPU.ActiveCfg = Release|Any CPU
		{60FB5DF5-7764-4E8F-90E8-971450AA13B6}.Release|Any CPU.Build.0 = Release|Any CPU
		{60FB5DF5-7764-4E8F-90E8-971450AA13B6}.Release|x64.ActiveCfg = Release|Any CPU
		{60FB5DF5-7764-4E8F-90E8-971450AA13B6}.Release|x64.Build.0 = Release|Any CPU
		{60FB5DF5-7764-4E8F-90E8-971450AA13B6}.Release|x86.ActiveCfg = Release|Any CPU
		{60FB5DF5-7764-4E8F-90E8-971450AA13B6}.Release|x86.Build.0 = Release|Any CPU
	EndGlobalSection
	GlobalSection(SolutionProperties) = preSolution
		HideSolutionNode = FALSE
	EndGlobalSection
	GlobalSection(NestedProjects) = preSolution
		{6C8EAD9E-C582-4B04-B424-AEF6C2620009} = {827E0CD3-B72D-47B6-A68D-7590B98EB39B}
		{EFA63FA1-0A0A-4F4E-A866-22BB912D2986} = {827E0CD3-B72D-47B6-A68D-7590B98EB39B}
		{694124C8-A0EE-44F5-BA56-5E1BCE58CAC5} = {827E0CD3-B72D-47B6-A68D-7590B98EB39B}
		{7D9FCAFC-442B-41BB-936B-D41661965286} = {827E0CD3-B72D-47B6-A68D-7590B98EB39B}
		{C8A6399B-7776-4270-AB2F-D153934B0538} = {0AB3BF05-4346-4AA6-1389-037BE0695223}
		{60FB5DF5-7764-4E8F-90E8-971450AA13B6} = {0AB3BF05-4346-4AA6-1389-037BE0695223}
	EndGlobalSection
EndGlobal
